{
    "_readme": [
        "This file locks the dependencies of your project to a known state",
        "Read more about it at https://getcomposer.org/doc/01-basic-usage.md#composer-lock-the-lock-file",
        "This file is @generated automatically"
    ],
    "content-hash": "9d4bdf8494252aeab08726acdc17ccd4",
    "packages": [
        {
            "name": "leafo/scssphp",
            "version": "dev-master",
            "source": {
                "type": "git",
                "url": "https://github.com/leafo/scssphp.git",
                "reference": "53e86eae35448fbcce8f682ffcb9fa224cd40cc3"
            },
            "dist": {
                "type": "zip",
                "url": "https://api.github.com/repos/leafo/scssphp/zipball/53e86eae35448fbcce8f682ffcb9fa224cd40cc3",
                "reference": "53e86eae35448fbcce8f682ffcb9fa224cd40cc3",
                "shasum": ""
            },
            "require": {
                "php": ">=5.4.0"
            },
            "require-dev": {
                "phpunit/phpunit": "~4.6",
                "squizlabs/php_codesniffer": "~2.5"
            },
            "bin": [
                "bin/pscss"
            ],
            "type": "library",
            "autoload": {
                "psr-4": {
                    "Leafo\\ScssPhp\\": "src/"
                }
            },
            "notification-url": "https://packagist.org/downloads/",
            "license": [
                "MIT"
            ],
            "authors": [
                {
                    "name": "Leaf Corcoran",
                    "email": "leafot@gmail.com",
                    "homepage": "http://leafo.net"
                }
            ],
            "description": "scssphp is a compiler for SCSS written in PHP.",
            "homepage": "http://leafo.github.io/scssphp/",
            "keywords": [
                "css",
                "less",
                "sass",
                "scss",
                "stylesheet"
            ],
            "time": "2017-03-14 14:58:24"
        },
        {
            "name": "lichtner/fluentpdo",
            "version": "dev-master",
            "source": {
                "type": "git",
                "url": "https://github.com/envms/fluentpdo.git",
                "reference": "8f0b9356dcb1060742b7951c2d9bf6a6d111e1af"
            },
            "dist": {
                "type": "zip",
                "url": "https://api.github.com/repos/envms/fluentpdo/zipball/8f0b9356dcb1060742b7951c2d9bf6a6d111e1af",
                "reference": "8f0b9356dcb1060742b7951c2d9bf6a6d111e1af",
                "shasum": ""
            },
            "type": "library",
            "autoload": {
                "files": [
                    "FluentPDO/FluentPDO.php"
                ]
            },
            "notification-url": "https://packagist.org/downloads/",
            "license": [
                "Apache-2.0",
                "GPL-2.0+"
            ],
            "authors": [
                {
                    "name": "Marek Lichtner",
                    "homepage": "http://licht.sk/"
                }
            ],
            "description": "FluentPDO is small PHP library for rapid query building. Killer feature is smart join builder which generates joins automatically.",
            "homepage": "https://github.com/fpdo/fluentpdo",
            "keywords": [
                "database",
                "dbal",
                "pdo"
            ],
            "time": "2017-02-08 21:00:41"
        },
        {
            "name": "twig/twig",
            "version": "v1.33.2",
            "source": {
                "type": "git",
                "url": "https://github.com/twigphp/Twig.git",
                "reference": "dd6ca96227917e1e85b41c7c3cc6507b411e0927"
            },
            "dist": {
                "type": "zip",
                "url": "https://api.github.com/repos/twigphp/Twig/zipball/dd6ca96227917e1e85b41c7c3cc6507b411e0927",
                "reference": "dd6ca96227917e1e85b41c7c3cc6507b411e0927",
                "shasum": ""
            },
            "require": {
                "php": ">=5.2.7"
            },
            "require-dev": {
                "psr/container": "^1.0",
                "symfony/debug": "~2.7",
                "symfony/phpunit-bridge": "~3.3@dev"
            },
            "type": "library",
            "extra": {
                "branch-alias": {
                    "dev-master": "1.33-dev"
                }
            },
            "autoload": {
                "psr-0": {
                    "Twig_": "lib/"
                }
            },
            "notification-url": "https://packagist.org/downloads/",
            "license": [
                "BSD-3-Clause"
            ],
            "authors": [
                {
                    "name": "Fabien Potencier",
                    "email": "fabien@symfony.com",
                    "homepage": "http://fabien.potencier.org",
                    "role": "Lead Developer"
                },
                {
                    "name": "Armin Ronacher",
                    "email": "armin.ronacher@active-4.com",
                    "role": "Project Founder"
                },
                {
                    "name": "Twig Team",
                    "homepage": "http://twig.sensiolabs.org/contributors",
                    "role": "Contributors"
                }
            ],
            "description": "Twig, the flexible, fast, and secure template language for PHP",
            "homepage": "http://twig.sensiolabs.org",
            "keywords": [
                "templating"
            ],
            "time": "2017-04-20T17:39:48+00:00"
        },
        {
            "name": "wixel/gump",
            "version": "dev-master",
            "source": {
                "type": "git",
                "url": "https://github.com/Wixel/GUMP.git",
                "reference": "4e3257c7785634f40b162f043e9415cf23847697"
            },
            "dist": {
                "type": "zip",
                "url": "https://api.github.com/repos/Wixel/GUMP/zipball/4e3257c7785634f40b162f043e9415cf23847697",
                "reference": "4e3257c7785634f40b162f043e9415cf23847697",
                "shasum": ""
            },
            "type": "library",
            "autoload": {
                "files": [
                    "gump.class.php"
                ]
            },
            "notification-url": "https://packagist.org/downloads/",
            "license": [
                "MIT"
            ],
            "authors": [
                {
                    "name": "Colleen Emryss",
                    "homepage": "http://skitter.tv"
                },
                {
                    "name": "Mark Slingsby",
                    "homepage": "http://www.rsaweb.co.za"
                },
                {
                    "name": "Roy de Kleijn",
                    "homepage": "http://roydekleijn.com"
                },
                {
                    "name": "Christian Klisch",
                    "homepage": "http://www.christian-klisch.de/"
                },
                {
                    "name": "Inge Brattaas",
                    "homepage": "http://res.no/"
                },
                {
                    "name": "Rob Crowe",
                    "homepage": "http://vivalacrowe.com"
                },
                {
                    "name": "Sean Nieuwoudt",
                    "homepage": "https://wixelhq.com"
                },
                {
                    "name": "Filis Futsarov",
                    "homepage": "http://filis.me"
                }
            ],
            "description": "A fast, extensible & stand-alone PHP input validation class that allows you to validate any data",
            "homepage": "https://wixelhq.com/",
            "time": "2017-04-18 14:11:17"
        }
    ],
    "packages-dev": [],
    "aliases": [],
    "minimum-stability": "stable",
    "stability-flags": {
        "lichtner/fluentpdo": 20,
        "wixel/gump": 20,
        "leafo/scssphp": 20
    },
    "prefer-stable": false,
    "prefer-lowest": false,
    "platform": [],
    "platform-dev": []
}
